
Microsoft Visual Studio Solution File, Format Version 12.00
# Visual Studio Version 17
VisualStudioVersion = 17.0.32014.148
MinimumVisualStudioVersion = 10.0.40219.1
Project("{FAE04EC0-301F-11D3-BF4B-00C04F79EFBC}") = "TiendaServicios.Api.Autor", "TiendaServicios.Api.Autor\TiendaServicios.Api.Autor.csproj", "{75C4E499-4E88-4539-B64E-CD1C1D775D4D}"
EndProject
Global
	GlobalSection(SolutionConfigurationPlatforms) = preSolution
		Debug|Any CPU = Debug|Any CPU
		Release|Any CPU = Release|Any CPU
	EndGlobalSection
	GlobalSection(ProjectConfigurationPlatforms) = postSolution
		{75C4E499-4E88-4539-B64E-CD1C1D775D4D}.Debug|Any CPU.ActiveCfg = Debug|Any CPU
		{75C4E499-4E88-4539-B64E-CD1C1D775D4D}.Debug|Any CPU.Build.0 = Debug|Any CPU
		{75C4E499-4E88-4539-B64E-CD1C1D775D4D}.Release|Any CPU.ActiveCfg = Release|Any CPU
		{75C4E499-4E88-4539-B64E-CD1C1D775D4D}.Release|Any CPU.Build.0 = Release|Any CPU
	EndGlobalSection
	GlobalSection(SolutionProperties) = preSolution
		HideSolutionNode = FALSE
	EndGlobalSection
	GlobalSection(ExtensibilityGlobals) = postSolution
		SolutionGuid = {956E5F7B-4B99-40CA-AAA3-4E1B40EA68F8}
	EndGlobalSection
EndGlobal
